{
    "_meta": {
        "hash": {
            "sha256": "80a9c3e305f6738c920f397c6cd5b4b82f7d6db8919821c55197361d44294e5a"
        },
        "pipfile-spec": 6,
        "requires": {
            "python_version": "3.9"
        },
        "sources": [
            {
                "name": "pypi",
                "url": "https://pypi.org/simple",
                "verify_ssl": true
            }
        ]
    },
    "default": {
        "arpeggio": {
            "hashes": [
                "sha256:c790b2b06e226d2dd468e4fbfb5b7f506cec66416031fde1441cf1de2a0ba700",
                "sha256:f7c8ae4f4056a89e020c24c7202ac8df3e2bc84e416746f20b0da35bb1de0250"
            ],
            "version": "==2.0.2"
        },
        "attrs": {
            "hashes": [
                "sha256:1f28b4522cdc2fb4256ac1a020c78acf9cba2c6b461ccd2c126f3aa8e8335d04",
                "sha256:6279836d581513a26f1bf235f9acd333bc9115683f14f7e8fae46c98fc50e015"
            ],
            "markers": "python_version >= '3.7'",
            "version": "==23.1.0"
        },
        "awscli": {
            "hashes": [
                "sha256:3264991014ca19268e7cd1b7c9fed8df69793880452fe705a1c8ba7b55d38ca9",
                "sha256:40636f3d7778b3b817d470ffff6fabfc63cd7344257b67a8e2f10d7d5115945c"
            ],
            "index": "pypi",
            "markers": "python_version >= '3.7'",
            "version": "==1.25.97"
        },
        "botocore": {
            "hashes": [
                "sha256:e41a81a18511f2f9181b2a9ab302a55c0effecccbef846c55aad0c47bfdbefb9",
                "sha256:fc0a13ef6042e890e361cf408759230f8574409bb51f81740d2e5d8ad5d1fbea"
            ],
            "markers": "python_version >= '3.7'",
            "version": "==1.27.96"
        },
        "certifi": {
            "hashes": [
                "sha256:539cc1d13202e33ca466e88b2807e29f4c13049d6d87031a3c110744495cb082",
                "sha256:92d6037539857d8206b8f6ae472e8b77db8058fec5937a1ef3f54304089edbb9"
            ],
            "markers": "python_version >= '3.6'",
            "version": "==2023.7.22"
        },
        "charset-normalizer": {
            "hashes": [
                "sha256:2857e29ff0d34db842cd7ca3230549d1a697f96ee6d3fb071cfa6c7393832597",
                "sha256:6881edbebdb17b39b4eaaa821b438bf6eddffb4468cf344f09f89def34a8b1df"
            ],
            "markers": "python_version >= '3'",
            "version": "==2.0.12"
        },
        "colorama": {
            "hashes": [
                "sha256:5941b2b48a20143d2267e95b1c2a7603ce057ee39fd88e7329b0c292aa16869b",
                "sha256:9f47eda37229f68eee03b24b9748937c7dc3868f906e8ba69fbcbdd3bc5dc3e2"
            ],
            "markers": "python_version >= '2.7' and python_version not in '3.0, 3.1, 3.2, 3.3, 3.4'",
            "version": "==0.4.4"
        },
        "dill": {
            "hashes": [
                "sha256:76b122c08ef4ce2eedcd4d1abd8e641114bfc6c2867f49f3c41facf65bf19f5e",
                "sha256:cc1c8b182eb3013e24bd475ff2e9295af86c1a38eb1aff128dac8962a9ce3c03"
            ],
            "markers": "python_version >= '3.7'",
            "version": "==0.3.7"
        },
        "docutils": {
            "hashes": [
                "sha256:0c5b78adfbf7762415433f5515cd5c9e762339e23369dbe8000d84a4bf4ab3af",
                "sha256:c2de3a60e9e7d07be26b7f2b00ca0309c207e06c100f9cc2a94931fc75a478fc"
            ],
            "markers": "python_version >= '2.7' and python_version not in '3.0, 3.1, 3.2, 3.3, 3.4'",
            "version": "==0.16"
        },
        "fart": {
            "hashes": [
                "sha256:0bddecc3f3e4f6a45cd0c0400f53f31c896967f9f62783efec5509e3423dc828",
                "sha256:b311fc4fd1a4af0ed5855c4c07b4229cad4c4b0092d9618cad80afb0d5345491"
            ],
            "index": "pypi",
            "version": "==0.1.5"
        },
        "grpcio": {
            "hashes": [
                "sha256:023088764012411affe7db183d1ada3ad9daf2e23ddc719ff46d7061de661340",
                "sha256:08d77e682f2bf730a4961eea330e56d2f423c6a9b91ca222e5b1eb24a357b19f",
                "sha256:0a4a3833c0e067f3558538727235cd8a49709bff1003200bbdefa2f09334e4b1",
                "sha256:0a754aff9e3af63bdc4c75c234b86b9d14e14a28a30c4e324aed1a9b873d755f",
                "sha256:11168ef43e4a43ff1b1a65859f3e0ef1a173e277349e7fb16923ff108160a8cd",
                "sha256:128e20f57c5f27cb0157e73756d1586b83c1b513ebecc83ea0ac37e4b0e4e758",
                "sha256:1f9524d1d701e399462d2c90ba7c193e49d1711cf429c0d3d97c966856e03d00",
                "sha256:1ff16d68bf453275466a9a46739061a63584d92f18a0f5b33d19fc97eb69867c",
                "sha256:2067274c88bc6de89c278a672a652b4247d088811ece781a4858b09bdf8448e3",
                "sha256:2171c39f355ba5b551c5d5928d65aa6c69807fae195b86ef4a7d125bcdb860a9",
                "sha256:242adc47725b9a499ee77c6a2e36688fa6c96484611f33b1be4c57ab075a92dd",
                "sha256:27f879ae604a7fcf371e59fba6f3ff4635a4c2a64768bd83ff0cac503142fef4",
                "sha256:2b230028a008ae1d0f430acb227d323ff8a619017415cf334c38b457f814119f",
                "sha256:3059668df17627f0e0fa680e9ef8c995c946c792612e9518f5cc1503be14e90b",
                "sha256:31176aa88f36020055ace9adff2405a33c8bdbfa72a9c4980e25d91b2f196873",
                "sha256:36f53c2b3449c015880e7d55a89c992c357f176327b0d2873cdaaf9628a37c69",
                "sha256:3b4368b33908f683a363f376dfb747d40af3463a6e5044afee07cf9436addf96",
                "sha256:3c61d641d4f409c5ae46bfdd89ea42ce5ea233dcf69e74ce9ba32b503c727e29",
                "sha256:4abb717e320e74959517dc8e84a9f48fbe90e9abe19c248541e9418b1ce60acd",
                "sha256:4c93f4abbb54321ee6471e04a00139c80c754eda51064187963ddf98f5cf36a4",
                "sha256:535561990e075fa6bd4b16c4c3c1096b9581b7bb35d96fac4650f1181e428268",
                "sha256:53c9aa5ddd6857c0a1cd0287225a2a25873a8e09727c2e95c4aebb1be83a766a",
                "sha256:5d573e70a6fe77555fb6143c12d3a7d3fa306632a3034b4e7c59ca09721546f8",
                "sha256:6009386a2df66159f64ac9f20425ae25229b29b9dd0e1d3dd60043f037e2ad7e",
                "sha256:686e975a5d16602dc0982c7c703948d17184bd1397e16c8ee03511ecb8c4cdda",
                "sha256:6959fb07e8351e20501ffb8cc4074c39a0b7ef123e1c850a7f8f3afdc3a3da01",
                "sha256:6b25ed37c27e652db01be341af93fbcea03d296c024d8a0e680017a268eb85dd",
                "sha256:6da6dea3a1bacf99b3c2187e296db9a83029ed9c38fd4c52b7c9b7326d13c828",
                "sha256:72ca2399097c0b758198f2ff30f7178d680de8a5cfcf3d9b73a63cf87455532e",
                "sha256:73abb8584b0cf74d37f5ef61c10722adc7275502ab71789a8fe3cb7ef04cf6e2",
                "sha256:74100fecaec8a535e380cf5f2fb556ff84957d481c13e54051c52e5baac70541",
                "sha256:75c6ecb70e809cf1504465174343113f51f24bc61e22a80ae1c859f3f7034c6d",
                "sha256:7cf05053242f61ba94014dd3a986e11a083400a32664058f80bf4cf817c0b3a1",
                "sha256:9411e24328a2302e279e70cae6e479f1fddde79629fcb14e03e6d94b3956eabf",
                "sha256:a213acfbf186b9f35803b52e4ca9addb153fc0b67f82a48f961be7000ecf6721",
                "sha256:bb7e0fe6ad73b7f06d7e2b689c19a71cf5cc48f0c2bf8608469e51ffe0bd2867",
                "sha256:c2504eed520958a5b77cc99458297cb7906308cb92327f35fb7fbbad4e9b2188",
                "sha256:c35aa9657f5d5116d23b934568e0956bd50c615127810fffe3ac356a914c176a",
                "sha256:c5f09cffa619adfb44799fa4a81c2a1ad77c887187613fb0a8f201ab38d89ba1",
                "sha256:c978f864b35f2261e0819f5cd88b9830b04dc51bcf055aac3c601e525a10d2ba",
                "sha256:cbe946b3e6e60a7b4618f091e62a029cb082b109a9d6b53962dd305087c6e4fd",
                "sha256:cc3e4cd087f07758b16bef8f31d88dbb1b5da5671d2f03685ab52dece3d7a16e",
                "sha256:cf0dead5a2c5a3347af2cfec7131d4f2a2e03c934af28989c9078f8241a491fa",
                "sha256:d2794f0e68b3085d99b4f6ff9c089f6fdd02b32b9d3efdfbb55beac1bf22d516",
                "sha256:d2fa68a96a30dd240be80bbad838a0ac81a61770611ff7952b889485970c4c71",
                "sha256:d6f70406695e3220f09cd7a2f879333279d91aa4a8a1d34303b56d61a8180137",
                "sha256:d8f9cd4ad1be90b0cf350a2f04a38a36e44a026cac1e036ac593dc48efe91d52",
                "sha256:da2d94c15f88cd40d7e67f7919d4f60110d2b9d5b1e08cf354c2be773ab13479",
                "sha256:e1727c1c0e394096bb9af185c6923e8ea55a5095b8af44f06903bcc0e06800a2",
                "sha256:e420ced29b5904cdf9ee5545e23f9406189d8acb6750916c2db4793dada065c6",
                "sha256:e82c5cf1495244adf5252f925ac5932e5fd288b3e5ab6b70bec5593074b7236c",
                "sha256:f1ef0d39bc1feb420caf549b3c657c871cad4ebbcf0580c4d03816b0590de0cf",
                "sha256:f8753a6c88d1d0ba64302309eecf20f70d2770f65ca02d83c2452279085bfcd3",
                "sha256:f93dbf58f03146164048be5426ffde298b237a5e059144847e4940f5b80172c3"
            ],
            "markers": "python_version >= '3.7'",
            "version": "==1.59.2"
        },
        "idna": {
            "hashes": [
                "sha256:814f528e8dead7d329833b91c5faa87d60bf71824cd12a7530b5526063d02cb4",
                "sha256:90b77e79eaa3eba6de819a0c442c0b4ceefc341a7a2ab77d7562bf49f425c5c2"
            ],
            "markers": "python_version >= '3'",
            "version": "==3.4"
        },
        "jmespath": {
            "hashes": [
                "sha256:02e2e4cc71b5bcab88332eebf907519190dd9e6e82107fa7f83b1003a6252980",
                "sha256:90261b206d6defd58fdd5e85f478bf633a2901798906be2ad389150c5c60edbe"
            ],
            "markers": "python_version >= '3.7'",
            "version": "==1.0.1"
        },
        "lolcat": {
            "hashes": [
                "sha256:9b2fe5596c446d2fe449c40710c8f99d9866fb7dc5c2762d59dfe7f16f2d936c",
                "sha256:c65c2ed768e0bd0a97a7141865a62db6e8d3cd20742288d087f94c5ac86e8954"
            ],
            "index": "pypi",
            "version": "==1.4"
        },
        "nodeenv": {
            "hashes": [
                "sha256:3ef13ff90291ba2a4a7a4ff9a979b63ffdd00a464dbe04acf0ea6471517a4c2b",
                "sha256:621e6b7076565ddcacd2db0294c0381e01fd28945ab36bcf00f41c5daf63bef7"
            ],
            "index": "pypi",
            "version": "==1.6.0"
        },
        "packaging": {
            "hashes": [
                "sha256:048fb0e9405036518eaaf48a55953c750c11e1a1b68e0dd1a9d62ed0c092cfc5",
                "sha256:8c491190033a9af7e1d931d0b5dacc2ef47509b34dd0de67ed209b5203fc88c7"
            ],
            "markers": "python_version >= '3.7'",
            "version": "==23.2"
        },
        "parver": {
            "hashes": [
                "sha256:2281b187276c8e8e3c15634f62287b2fb6fe0efe3010f739a6bd1e45fa2bf2b2",
                "sha256:b9fde1e6bb9ce9f07e08e9c4bea8d8825c5e78e18a0052d02e02bf9517eb4777"
            ],
            "markers": "python_version >= '3.8'",
            "version": "==0.5"
        },
        "passlib": {
            "hashes": [
                "sha256:aa6bca462b8d8bda89c70b382f0c298a20b5560af6cbfa2dce410c0a2fb669f1",
                "sha256:defd50f72b65c5402ab2c573830a6978e5f202ad0d984793c8dde2c4152ebe04"
            ],
            "index": "pypi",
            "version": "==1.7.4"
        },
        "protobuf": {
            "hashes": [
                "sha256:1a3ba712877e6d37013cdc3476040ea1e313a6c2e1580836a94f76b3c176d575",
                "sha256:1a53d6f64b00eecf53b65ff4a8c23dc95df1fa1e97bb06b8122e5a64f49fc90a",
                "sha256:32ac2100b0e23412413d948c03060184d34a7c50b3e5d7524ee96ac2b10acf51",
                "sha256:5c1203ac9f50e4853b0a0bfffd32c67118ef552a33942982eeab543f5c634395",
                "sha256:63714e79b761a37048c9701a37438aa29945cd2417a97076048232c1df07b701",
                "sha256:683dc44c61f2620b32ce4927de2108f3ebe8ccf2fd716e1e684e5a50da154054",
                "sha256:68f7caf0d4f012fd194a301420cf6aa258366144d814f358c5b32558228afa7c",
                "sha256:b2cf8b5d381f9378afe84618288b239e75665fe58d0f3fd5db400959274296e9",
                "sha256:c40ff8f00aa737938c5378d461637d15c442a12275a81019cc2fef06d81c9419",
                "sha256:cf21faba64cd2c9a3ed92b7a67f226296b10159dbb8fbc5e854fc90657d908e4",
                "sha256:d94a33db8b7ddbd0af7c467475fb9fde0c705fb315a8433c0e2020942b863a1f"
            ],
            "markers": "python_version >= '3.8'",
            "version": "==4.25.0"
        },
        "pulumi": {
            "hashes": [
                "sha256:86acb1e0921619d49123d1a4ce43bfa7dc2dae9723266e21c24a11632f3231d9"
            ],
            "index": "pypi",
            "version": "==3.36.0"
        },
        "pulumi-aws": {
            "hashes": [
                "sha256:52d1134bdc148c68d17a92c87b7909e38267a25046b7863e7f8a7073ad25ec02"
            ],
            "index": "pypi",
            "version": "==5.31.0"
        },
        "pulumi-digitalocean": {
            "hashes": [
                "sha256:ad2f7903de6fded33ef43f35327b331aedac26eaf9c4222c1402b662b9487f8f"
            ],
            "index": "pypi",
            "version": "==4.12.0"
        },
        "pulumi-docker": {
            "hashes": [
                "sha256:0c5edb04448994de6cffb702146085856354efddbe78b0b38fa6a666428f0408"
            ],
            "index": "pypi",
            "version": "==3.1.0"
        },
        "pulumi-eks": {
            "hashes": [
                "sha256:90daabc08800eab4cd0584f2b5bd66d33ee50ac7eed7fce4cf277e3cf7f924f8"
            ],
            "index": "pypi",
            "markers": "python_version >= '3.7'",
            "version": "==1.0.4"
        },
        "pulumi-kubernetes": {
            "hashes": [
                "sha256:08227281f29910d2d03cf78664af7941414c0aa26d8a890b5fd394cca543fc31"
            ],
            "index": "pypi",
            "version": "==3.23.0"
        },
        "pyasn1": {
            "hashes": [
                "sha256:87a2121042a1ac9358cabcaf1d07680ff97ee6404333bacca15f76aa8ad01a57",
                "sha256:97b7290ca68e62a832558ec3976f15cbf911bf5d7c7039d8b861c2a0ece69fde"
            ],
            "markers": "python_version >= '2.7' and python_version not in '3.0, 3.1, 3.2, 3.3, 3.4, 3.5'",
            "version": "==0.5.0"
        },
        "pycryptodome": {
            "hashes": [
                "sha256:028dcbf62d128b4335b61c9fbb7dd8c376594db607ef36d5721ee659719935d5",
                "sha256:12ef157eb1e01a157ca43eda275fa68f8db0dd2792bc4fe00479ab8f0e6ae075",
                "sha256:2562de213960693b6d657098505fd4493c45f3429304da67efcbeb61f0edfe89",
                "sha256:27e92c1293afcb8d2639baf7eb43f4baada86e4de0f1fb22312bfc989b95dae2",
                "sha256:36e3242c4792e54ed906c53f5d840712793dc68b726ec6baefd8d978c5282d30",
                "sha256:50a5346af703330944bea503106cd50c9c2212174cfcb9939db4deb5305a8367",
                "sha256:53dedbd2a6a0b02924718b520a723e88bcf22e37076191eb9b91b79934fb2192",
                "sha256:69f05aaa90c99ac2f2af72d8d7f185f729721ad7c4be89e9e3d0ab101b0ee875",
                "sha256:75a3a364fee153e77ed889c957f6f94ec6d234b82e7195b117180dcc9fc16f96",
                "sha256:766a8e9832128c70012e0c2b263049506cbf334fb21ff7224e2704102b6ef59e",
                "sha256:7fb90a5000cc9c9ff34b4d99f7f039e9c3477700e309ff234eafca7b7471afc0",
                "sha256:893f32210de74b9f8ac869ed66c97d04e7d351182d6d39ebd3b36d3db8bda65d",
                "sha256:8b5c28058102e2974b9868d72ae5144128485d466ba8739abd674b77971454cc",
                "sha256:924b6aad5386fb54f2645f22658cb0398b1f25bc1e714a6d1522c75d527deaa5",
                "sha256:9924248d6920b59c260adcae3ee231cd5af404ac706ad30aa4cd87051bf09c50",
                "sha256:9ec761a35dbac4a99dcbc5cd557e6e57432ddf3e17af8c3c86b44af9da0189c0",
                "sha256:a36ab51674b014ba03da7f98b675fcb8eabd709a2d8e18219f784aba2db73b72",
                "sha256:aae395f79fa549fb1f6e3dc85cf277f0351e15a22e6547250056c7f0c990d6a5",
                "sha256:c880a98376939165b7dc504559f60abe234b99e294523a273847f9e7756f4132",
                "sha256:ce7a875694cd6ccd8682017a7c06c6483600f151d8916f2b25cf7a439e600263",
                "sha256:d1b7739b68a032ad14c5e51f7e4e1a5f92f3628bba024a2bda1f30c481fc85d8",
                "sha256:dcd65355acba9a1d0fc9b923875da35ed50506e339b35436277703d7ace3e222",
                "sha256:e04e40a7f8c1669195536a37979dd87da2c32dbdc73d6fe35f0077b0c17c803b",
                "sha256:e0c04c41e9ade19fbc0eff6aacea40b831bfcb2c91c266137bcdfd0d7b2f33ba",
                "sha256:e24d4ec4b029611359566c52f31af45c5aecde7ef90bf8f31620fd44c438efe7",
                "sha256:e64738207a02a83590df35f59d708bf1e7ea0d6adce712a777be2967e5f7043c",
                "sha256:ea56a35fd0d13121417d39a83f291017551fa2c62d6daa6b04af6ece7ed30d84",
                "sha256:f2772af1c3ef8025c85335f8b828d0193fa1e43256621f613280e2c81bfad423",
                "sha256:f403a3e297a59d94121cb3ee4b1cf41f844332940a62d71f9e4a009cc3533493",
                "sha256:f572a3ff7b6029dd9b904d6be4e0ce9e309dcb847b03e3ac8698d9d23bb36525"
            ],
            "index": "pypi",
            "markers": "python_version >= '2.7' and python_version not in '3.0, 3.1, 3.2, 3.3, 3.4'",
            "version": "==3.14.1"
        },
        "pyperclip": {
            "hashes": [
                "sha256:105254a8b04934f0bc84e9c24eb360a591aaf6535c9def5f29d92af107a9bf57"
            ],
            "version": "==1.8.2"
        },
        "python-dateutil": {
            "hashes": [
                "sha256:0123cacc1627ae19ddf3c27a5de5bd67ee4586fbdd6440d9748f8abb483d3e86",
                "sha256:961d03dc3453ebbc59dbdea9e4e11c5651520a876d0f4db161e8674aae935da9"
            ],
            "markers": "python_version >= '2.7' and python_version not in '3.0, 3.1, 3.2'",
            "version": "==2.8.2"
        },
        "pyyaml": {
            "hashes": [
                "sha256:06a0d7ba600ce0b2d2fe2e78453a470b5a6e000a985dd4a4e54e436cc36b0e97",
                "sha256:240097ff019d7c70a4922b6869d8a86407758333f02203e0fc6ff79c5dcede76",
                "sha256:4f4b913ca1a7319b33cfb1369e91e50354d6f07a135f3b901aca02aa95940bd2",
                "sha256:6034f55dab5fea9e53f436aa68fa3ace2634918e8b5994d82f3621c04ff5ed2e",
                "sha256:69f00dca373f240f842b2931fb2c7e14ddbacd1397d57157a9b005a6a9942648",
                "sha256:73f099454b799e05e5ab51423c7bcf361c58d3206fa7b0d555426b1f4d9a3eaf",
                "sha256:74809a57b329d6cc0fdccee6318f44b9b8649961fa73144a98735b0aaf029f1f",
                "sha256:7739fc0fa8205b3ee8808aea45e968bc90082c10aef6ea95e855e10abf4a37b2",
                "sha256:95f71d2af0ff4227885f7a6605c37fd53d3a106fcab511b8860ecca9fcf400ee",
                "sha256:ad9c67312c84def58f3c04504727ca879cb0013b2517c85a9a253f0cb6380c0a",
                "sha256:b8eac752c5e14d3eca0e6dd9199cd627518cb5ec06add0de9d32baeee6fe645d",
                "sha256:cc8955cfbfc7a115fa81d85284ee61147059a753344bc51098f3ccd69b0d7e0c",
                "sha256:d13155f591e6fcc1ec3b30685d50bf0711574e2c0dfffd7644babf8b5102ca1a"
            ],
            "version": "==5.3.1"
        },
        "requests": {
            "hashes": [
                "sha256:68d7c56fd5a8999887728ef304a6d12edc7be74f1cfa47714fc8b414525c9a61",
                "sha256:f22fa1e554c9ddfd16e6e41ac79759e17be9e492b3587efa038054674760e72d"
            ],
            "index": "pypi",
            "markers": "python_version >= '2.7' and python_version not in '3.0, 3.1, 3.2, 3.3, 3.4, 3.5'",
            "version": "==2.27.1"
        },
        "rsa": {
            "hashes": [
                "sha256:78f9a9bf4e7be0c5ded4583326e7461e3a3c5aae24073648b4bdfa797d78c9d2",
                "sha256:9d689e6ca1b3038bc82bf8d23e944b6b6037bc02301a574935b2dd946e0353b9"
            ],
            "markers": "python_version >= '3.5' and python_version < '4'",
            "version": "==4.7.2"
        },
        "s3transfer": {
            "hashes": [
                "sha256:b014be3a8a2aab98cfe1abc7229cc5a9a0cf05eb9c1f2b86b230fd8df3f78084",
                "sha256:cab66d3380cca3e70939ef2255d01cd8aece6a4907a9528740f668c4b0611861"
            ],
            "markers": "python_version >= '3.7'",
            "version": "==0.6.2"
        },
        "semver": {
            "hashes": [
                "sha256:ced8b23dceb22134307c1b8abfa523da14198793d9787ac838e70e29e77458d4",
                "sha256:fa0fe2722ee1c3f57eac478820c3a5ae2f624af8264cbdf9000c980ff7f75e3f"
            ],
            "markers": "python_version >= '2.7' and python_version not in '3.0, 3.1, 3.2, 3.3'",
            "version": "==2.13.0"
        },
        "setuptools": {
            "hashes": [
                "sha256:46bd862894ed22c2edff033c758c2dc026324788d758e96788e8f7c11f4e9707",
                "sha256:4dd5bb0a0a0cff77b46ca5dd3a84857ee48c83e8223886b556613c724994073f"
            ],
            "index": "pypi",
            "markers": "python_version >= '3.5'",
            "version": "==49.6.0"
        },
        "setuptools-git-versioning": {
            "hashes": [
                "sha256:3cee8ff9e73d2092f9e281a324a0a62c21e0cc66c233597c3d679f0b9cab0e40",
                "sha256:66acb4f5896956e5d2aec2250b1e41342a0bf3228e577d54171d9a06d5f8637b"
            ],
            "index": "pypi",
            "markers": "python_version >= '3.7'",
            "version": "==1.9.2"
        },
        "six": {
            "hashes": [
                "sha256:1e61c37477a1626458e36f7b1d82aa5c9b094fa4802892072e49de9c60c4c926",
                "sha256:8abb2f1d86890a2dfb989f9a77cfcfd3e47c2a354b01111771326f8aa26e0254"
            ],
            "markers": "python_version >= '2.7' and python_version not in '3.0, 3.1, 3.2'",
            "version": "==1.16.0"
        },
        "toml": {
            "hashes": [
                "sha256:806143ae5bfb6a3c6e736a764057db0e6a0e05e338b5630894a5f779cabb4f9b",
                "sha256:b3bda1d108d5dd99f4a20d24d9c348e91c4db7ab1b749200bded2f839ccbe68f"
            ],
            "markers": "python_version >= '2.6' and python_version not in '3.0, 3.1, 3.2'",
            "version": "==0.10.2"
        },
        "typing-extensions": {
            "hashes": [
                "sha256:8f92fc8806f9a6b641eaa5318da32b44d401efaac0f6678c9bc448ba3605faa0",
                "sha256:df8e4339e9cb77357558cbdbceca33c303714cf861d1eef15e1070055ae8b7ef"
            ],
            "markers": "python_version < '3.10'",
            "version": "==4.8.0"
        },
        "urllib3": {
            "hashes": [
                "sha256:34b97092d7e0a3a8cf7cd10e386f401b3737364026c45e622aa02903dffe0f07",
                "sha256:f8ecc1bba5667413457c529ab955bf8c67b45db799d159066261719e328580a0"
            ],
            "markers": "python_version >= '2.7' and python_version not in '3.0, 3.1, 3.2, 3.3, 3.4, 3.5'",
            "version": "==1.26.18"
        },
        "wheel": {
            "hashes": [
                "sha256:4bdcd7d840138086126cd09254dc6195fb4fc6f01c050a1d7236f2630db1d22a",
                "sha256:e9a504e793efbca1b8e0e9cb979a249cf4a0a7b5b8c9e8b65a5e39d49529c1c4"
            ],
            "index": "pypi",
            "markers": "python_version >= '2.7' and python_version not in '3.0, 3.1, 3.2, 3.3, 3.4'",
            "version": "==0.37.1"
        },
        "yamlreader": {
            "hashes": [
                "sha256:765688036d57104ac26e4500ab088d42f4f2d06687ce3daa26543d7ae38c2470"
            ],
            "index": "pypi",
            "version": "==3.0.4"
        }
    },
    "develop": {
        "nodeenv": {
            "hashes": [
                "sha256:3ef13ff90291ba2a4a7a4ff9a979b63ffdd00a464dbe04acf0ea6471517a4c2b",
                "sha256:621e6b7076565ddcacd2db0294c0381e01fd28945ab36bcf00f41c5daf63bef7"
            ],
            "index": "pypi",
            "version": "==1.6.0"
        },
        "wheel": {
            "hashes": [
                "sha256:4bdcd7d840138086126cd09254dc6195fb4fc6f01c050a1d7236f2630db1d22a",
                "sha256:e9a504e793efbca1b8e0e9cb979a249cf4a0a7b5b8c9e8b65a5e39d49529c1c4"
            ],
            "index": "pypi",
            "markers": "python_version >= '2.7' and python_version not in '3.0, 3.1, 3.2, 3.3, 3.4'",
            "version": "==0.37.1"
        }
    }
}
