{
    "_meta": {
        "hash": {
            "sha256": "14cb9d206d2d244b7a6c050196daf9db1bfd7817018bfffe39f9ee04535e472d"
        },
        "pipfile-spec": 6,
        "requires": {
            "python_version": "3.9"
        },
        "sources": [
            {
                "name": "pypi",
                "url": "https://pypi.org/simple",
                "verify_ssl": true
            }
        ]
    },
    "default": {
        "arpeggio": {
            "hashes": [
                "sha256:448e332deb0e9ccd04046f1c6c14529d197f41bc2fdb3931e43fc209042fbdd3",
                "sha256:d6b03839019bb8a68785f9292ee6a36b1954eb84b925b84a6b8a5e1e26d3ed3d"
            ],
            "version": "==2.0.0"
        },
        "attrs": {
            "hashes": [
                "sha256:1f28b4522cdc2fb4256ac1a020c78acf9cba2c6b461ccd2c126f3aa8e8335d04",
                "sha256:6279836d581513a26f1bf235f9acd333bc9115683f14f7e8fae46c98fc50e015"
            ],
            "markers": "python_version >= '3.7'",
            "version": "==23.1.0"
        },
        "awscli": {
            "hashes": [
                "sha256:1b3adbc9cfb9aad7d0f6abc4cb0a5b95eb640afb77486885d3c4ff0cbc28f494",
                "sha256:8883c357165a1e1866636c19a264876e9a3938af4f25425d587255698162535f"
            ],
            "index": "pypi",
            "version": "==1.25.35"
        },
        "botocore": {
            "hashes": [
                "sha256:9949d61959476b5a34408881bdb98f54b0642238ffb217c5260124ec58fb0c72",
                "sha256:d2e708dd766b21c8e20a57ce1a90e98d324f871f81215efbc2dddaa42d13c551"
            ],
            "markers": "python_version >= '3.7'",
            "version": "==1.27.35"
        },
        "certifi": {
            "hashes": [
                "sha256:0f0d56dc5a6ad56fd4ba36484d6cc34451e1c6548c61daad8c320169f91eddc7",
                "sha256:c6c2e98f5c7869efca1f8916fed228dd91539f9f1b444c314c06eef02980c716"
            ],
            "markers": "python_version >= '3.6'",
            "version": "==2023.5.7"
        },
        "charset-normalizer": {
            "hashes": [
                "sha256:04afa6387e2b282cf78ff3dbce20f0cc071c12dc8f685bd40960cc68644cfea6",
                "sha256:04eefcee095f58eaabe6dc3cc2262f3bcd776d2c67005880894f447b3f2cb9c1",
                "sha256:0be65ccf618c1e7ac9b849c315cc2e8a8751d9cfdaa43027d4f6624bd587ab7e",
                "sha256:0c95f12b74681e9ae127728f7e5409cbbef9cd914d5896ef238cc779b8152373",
                "sha256:0ca564606d2caafb0abe6d1b5311c2649e8071eb241b2d64e75a0d0065107e62",
                "sha256:10c93628d7497c81686e8e5e557aafa78f230cd9e77dd0c40032ef90c18f2230",
                "sha256:11d117e6c63e8f495412d37e7dc2e2fff09c34b2d09dbe2bee3c6229577818be",
                "sha256:11d3bcb7be35e7b1bba2c23beedac81ee893ac9871d0ba79effc7fc01167db6c",
                "sha256:12a2b561af122e3d94cdb97fe6fb2bb2b82cef0cdca131646fdb940a1eda04f0",
                "sha256:12d1a39aa6b8c6f6248bb54550efcc1c38ce0d8096a146638fd4738e42284448",
                "sha256:1435ae15108b1cb6fffbcea2af3d468683b7afed0169ad718451f8db5d1aff6f",
                "sha256:1c60b9c202d00052183c9be85e5eaf18a4ada0a47d188a83c8f5c5b23252f649",
                "sha256:1e8fcdd8f672a1c4fc8d0bd3a2b576b152d2a349782d1eb0f6b8e52e9954731d",
                "sha256:20064ead0717cf9a73a6d1e779b23d149b53daf971169289ed2ed43a71e8d3b0",
                "sha256:21fa558996782fc226b529fdd2ed7866c2c6ec91cee82735c98a197fae39f706",
                "sha256:22908891a380d50738e1f978667536f6c6b526a2064156203d418f4856d6e86a",
                "sha256:3160a0fd9754aab7d47f95a6b63ab355388d890163eb03b2d2b87ab0a30cfa59",
                "sha256:322102cdf1ab682ecc7d9b1c5eed4ec59657a65e1c146a0da342b78f4112db23",
                "sha256:34e0a2f9c370eb95597aae63bf85eb5e96826d81e3dcf88b8886012906f509b5",
                "sha256:3573d376454d956553c356df45bb824262c397c6e26ce43e8203c4c540ee0acb",
                "sha256:3747443b6a904001473370d7810aa19c3a180ccd52a7157aacc264a5ac79265e",
                "sha256:38e812a197bf8e71a59fe55b757a84c1f946d0ac114acafaafaf21667a7e169e",
                "sha256:3a06f32c9634a8705f4ca9946d667609f52cf130d5548881401f1eb2c39b1e2c",
                "sha256:3a5fc78f9e3f501a1614a98f7c54d3969f3ad9bba8ba3d9b438c3bc5d047dd28",
                "sha256:3d9098b479e78c85080c98e1e35ff40b4a31d8953102bb0fd7d1b6f8a2111a3d",
                "sha256:3dc5b6a8ecfdc5748a7e429782598e4f17ef378e3e272eeb1340ea57c9109f41",
                "sha256:4155b51ae05ed47199dc5b2a4e62abccb274cee6b01da5b895099b61b1982974",
                "sha256:49919f8400b5e49e961f320c735388ee686a62327e773fa5b3ce6721f7e785ce",
                "sha256:53d0a3fa5f8af98a1e261de6a3943ca631c526635eb5817a87a59d9a57ebf48f",
                "sha256:5f008525e02908b20e04707a4f704cd286d94718f48bb33edddc7d7b584dddc1",
                "sha256:628c985afb2c7d27a4800bfb609e03985aaecb42f955049957814e0491d4006d",
                "sha256:65ed923f84a6844de5fd29726b888e58c62820e0769b76565480e1fdc3d062f8",
                "sha256:6734e606355834f13445b6adc38b53c0fd45f1a56a9ba06c2058f86893ae8017",
                "sha256:6baf0baf0d5d265fa7944feb9f7451cc316bfe30e8df1a61b1bb08577c554f31",
                "sha256:6f4f4668e1831850ebcc2fd0b1cd11721947b6dc7c00bf1c6bd3c929ae14f2c7",
                "sha256:6f5c2e7bc8a4bf7c426599765b1bd33217ec84023033672c1e9a8b35eaeaaaf8",
                "sha256:6f6c7a8a57e9405cad7485f4c9d3172ae486cfef1344b5ddd8e5239582d7355e",
                "sha256:7381c66e0561c5757ffe616af869b916c8b4e42b367ab29fedc98481d1e74e14",
                "sha256:73dc03a6a7e30b7edc5b01b601e53e7fc924b04e1835e8e407c12c037e81adbd",
                "sha256:74db0052d985cf37fa111828d0dd230776ac99c740e1a758ad99094be4f1803d",
                "sha256:75f2568b4189dda1c567339b48cba4ac7384accb9c2a7ed655cd86b04055c795",
                "sha256:78cacd03e79d009d95635e7d6ff12c21eb89b894c354bd2b2ed0b4763373693b",
                "sha256:80d1543d58bd3d6c271b66abf454d437a438dff01c3e62fdbcd68f2a11310d4b",
                "sha256:830d2948a5ec37c386d3170c483063798d7879037492540f10a475e3fd6f244b",
                "sha256:891cf9b48776b5c61c700b55a598621fdb7b1e301a550365571e9624f270c203",
                "sha256:8f25e17ab3039b05f762b0a55ae0b3632b2e073d9c8fc88e89aca31a6198e88f",
                "sha256:9a3267620866c9d17b959a84dd0bd2d45719b817245e49371ead79ed4f710d19",
                "sha256:a04f86f41a8916fe45ac5024ec477f41f886b3c435da2d4e3d2709b22ab02af1",
                "sha256:aaf53a6cebad0eae578f062c7d462155eada9c172bd8c4d250b8c1d8eb7f916a",
                "sha256:abc1185d79f47c0a7aaf7e2412a0eb2c03b724581139193d2d82b3ad8cbb00ac",
                "sha256:ac0aa6cd53ab9a31d397f8303f92c42f534693528fafbdb997c82bae6e477ad9",
                "sha256:ac3775e3311661d4adace3697a52ac0bab17edd166087d493b52d4f4f553f9f0",
                "sha256:b06f0d3bf045158d2fb8837c5785fe9ff9b8c93358be64461a1089f5da983137",
                "sha256:b116502087ce8a6b7a5f1814568ccbd0e9f6cfd99948aa59b0e241dc57cf739f",
                "sha256:b82fab78e0b1329e183a65260581de4375f619167478dddab510c6c6fb04d9b6",
                "sha256:bd7163182133c0c7701b25e604cf1611c0d87712e56e88e7ee5d72deab3e76b5",
                "sha256:c36bcbc0d5174a80d6cccf43a0ecaca44e81d25be4b7f90f0ed7bcfbb5a00909",
                "sha256:c3af8e0f07399d3176b179f2e2634c3ce9c1301379a6b8c9c9aeecd481da494f",
                "sha256:c84132a54c750fda57729d1e2599bb598f5fa0344085dbde5003ba429a4798c0",
                "sha256:cb7b2ab0188829593b9de646545175547a70d9a6e2b63bf2cd87a0a391599324",
                "sha256:cca4def576f47a09a943666b8f829606bcb17e2bc2d5911a46c8f8da45f56755",
                "sha256:cf6511efa4801b9b38dc5546d7547d5b5c6ef4b081c60b23e4d941d0eba9cbeb",
                "sha256:d16fd5252f883eb074ca55cb622bc0bee49b979ae4e8639fff6ca3ff44f9f854",
                "sha256:d2686f91611f9e17f4548dbf050e75b079bbc2a82be565832bc8ea9047b61c8c",
                "sha256:d7fc3fca01da18fbabe4625d64bb612b533533ed10045a2ac3dd194bfa656b60",
                "sha256:dd5653e67b149503c68c4018bf07e42eeed6b4e956b24c00ccdf93ac79cdff84",
                "sha256:de5695a6f1d8340b12a5d6d4484290ee74d61e467c39ff03b39e30df62cf83a0",
                "sha256:e0ac8959c929593fee38da1c2b64ee9778733cdf03c482c9ff1d508b6b593b2b",
                "sha256:e1b25e3ad6c909f398df8921780d6a3d120d8c09466720226fc621605b6f92b1",
                "sha256:e633940f28c1e913615fd624fcdd72fdba807bf53ea6925d6a588e84e1151531",
                "sha256:e89df2958e5159b811af9ff0f92614dabf4ff617c03a4c1c6ff53bf1c399e0e1",
                "sha256:ea9f9c6034ea2d93d9147818f17c2a0860d41b71c38b9ce4d55f21b6f9165a11",
                "sha256:f645caaf0008bacf349875a974220f1f1da349c5dbe7c4ec93048cdc785a3326",
                "sha256:f8303414c7b03f794347ad062c0516cee0e15f7a612abd0ce1e25caf6ceb47df",
                "sha256:fca62a8301b605b954ad2e9c3666f9d97f63872aa4efcae5492baca2056b74ab"
            ],
            "markers": "python_version >= '3.7'",
            "version": "==3.1.0"
        },
        "colorama": {
            "hashes": [
                "sha256:5941b2b48a20143d2267e95b1c2a7603ce057ee39fd88e7329b0c292aa16869b",
                "sha256:9f47eda37229f68eee03b24b9748937c7dc3868f906e8ba69fbcbdd3bc5dc3e2"
            ],
            "markers": "python_version >= '2.7' and python_version not in '3.0, 3.1, 3.2, 3.3, 3.4'",
            "version": "==0.4.4"
        },
        "dill": {
            "hashes": [
                "sha256:a07ffd2351b8c678dfc4a856a3005f8067aea51d6ba6c700796a4d9e280f39f0",
                "sha256:e5db55f3687856d8fbdab002ed78544e1c4559a130302693d839dfe8f93f2373"
            ],
            "markers": "python_version >= '3.7'",
            "version": "==0.3.6"
        },
        "docutils": {
            "hashes": [
                "sha256:0c5b78adfbf7762415433f5515cd5c9e762339e23369dbe8000d84a4bf4ab3af",
                "sha256:c2de3a60e9e7d07be26b7f2b00ca0309c207e06c100f9cc2a94931fc75a478fc"
            ],
            "markers": "python_version >= '2.7' and python_version not in '3.0, 3.1, 3.2, 3.3, 3.4'",
            "version": "==0.16"
        },
        "fart": {
            "hashes": [
                "sha256:0bddecc3f3e4f6a45cd0c0400f53f31c896967f9f62783efec5509e3423dc828",
                "sha256:b311fc4fd1a4af0ed5855c4c07b4229cad4c4b0092d9618cad80afb0d5345491"
            ],
            "index": "pypi",
            "version": "==0.1.5"
        },
        "grpcio": {
            "hashes": [
                "sha256:0110310eff07bb69782f53b7a947490268c4645de559034c43c0a635612e250f",
                "sha256:01f4b887ed703fe82ebe613e1d2dadea517891725e17e7a6134dcd00352bd28c",
                "sha256:04239e8f71db832c26bbbedb4537b37550a39d77681d748ab4678e58dd6455d6",
                "sha256:08cf25f2936629db062aeddbb594bd76b3383ab0ede75ef0461a3b0bc3a2c150",
                "sha256:0aa8285f284338eb68962fe1a830291db06f366ea12f213399b520c062b01f65",
                "sha256:0e731f660e1e68238f56f4ce11156f02fd06dc58bc7834778d42c0081d4ef5ad",
                "sha256:0edbfeb6729aa9da33ce7e28fb7703b3754934115454ae45e8cc1db601756fd3",
                "sha256:124e718faf96fe44c98b05f3f475076be8b5198bb4c52a13208acf88a8548ba9",
                "sha256:138f57e3445d4a48d9a8a5af1538fdaafaa50a0a3c243f281d8df0edf221dc02",
                "sha256:17b75f220ee6923338155b4fcef4c38802b9a57bc57d112c9599a13a03e99f8d",
                "sha256:1898f999383baac5fcdbdef8ea5b1ef204f38dc211014eb6977ac6e55944d738",
                "sha256:1f16725a320460435a8a5339d8b06c4e00d307ab5ad56746af2e22b5f9c50932",
                "sha256:2f96142d0abc91290a63ba203f01649e498302b1b6007c67bad17f823ecde0cf",
                "sha256:31e6e489ccd8f08884b9349a39610982df48535881ec34f05a11c6e6b6ebf9d0",
                "sha256:45401d00f2ee46bde75618bf33e9df960daa7980e6e0e7328047191918c98504",
                "sha256:47b6821238d8978014d23b1132713dac6c2d72cbb561cf257608b1673894f90a",
                "sha256:4b4a7152187a49767a47d1413edde2304c96f41f7bc92cc512e230dfd0fba095",
                "sha256:50cfb7e1067ee5e00b8ab100a6b7ea322d37ec6672c0455106520b5891c4b5f5",
                "sha256:5449ae564349e7a738b8c38583c0aad954b0d5d1dd3cea68953bfc32eaee11e3",
                "sha256:577e024c8dd5f27cd98ba850bc4e890f07d4b5942e5bc059a3d88843a2f48f66",
                "sha256:57f1aeb65ed17dfb2f6cd717cc109910fe395133af7257a9c729c0b9604eac10",
                "sha256:594aaa0469f4fca7773e80d8c27bf1298e7bbce5f6da0f084b07489a708f16ab",
                "sha256:6620a5b751b099b3b25553cfc03dfcd873cda06f9bb2ff7e9948ac7090e20f05",
                "sha256:6e463b4aa0a6b31cf2e57c4abc1a1b53531a18a570baeed39d8d7b65deb16b7e",
                "sha256:735d9a437c262ab039d02defddcb9f8f545d7009ae61c0114e19dda3843febe5",
                "sha256:772b943f34374744f70236bbbe0afe413ed80f9ae6303503f85e2b421d4bca92",
                "sha256:77ef653f966934b3bfdd00e4f2064b68880eb40cf09b0b99edfa5ee22a44f559",
                "sha256:80398e9fb598060fa41050d1220f5a2440fe74ff082c36dda41ac3215ebb5ddd",
                "sha256:8b2b9dc4d7897566723b77422e11c009a0ebd397966b165b21b89a62891a9fdf",
                "sha256:a4b4543e13acb4806917d883d0f70f21ba93b29672ea81f4aaba14821aaf9bb0",
                "sha256:a4e786a8ee8b30b25d70ee52cda6d1dbba2a8ca2f1208d8e20ed8280774f15c8",
                "sha256:ade8b79a6b6aea68adb9d4bfeba5d647667d842202c5d8f3ba37ac1dc8e5c09c",
                "sha256:af78ac55933811e6a25141336b1f2d5e0659c2f568d44d20539b273792563ca7",
                "sha256:af9c3742f6c13575c0d4147a8454da0ff5308c4d9469462ff18402c6416942fe",
                "sha256:b8cc936a29c65ab39714e1ba67a694c41218f98b6e2a64efb83f04d9abc4386b",
                "sha256:bdf41550815a831384d21a498b20597417fd31bd084deb17d31ceb39ad9acc79",
                "sha256:c354017819201053d65212befd1dcb65c2d91b704d8977e696bae79c47cd2f82",
                "sha256:c36f418c925a41fccada8f7ae9a3d3e227bfa837ddbfddd3d8b0ac252d12dda9",
                "sha256:cbc9b83211d905859dcf234ad39d7193ff0f05bfc3269c364fb0d114ee71de59",
                "sha256:e95b5d62ec26d0cd0b90c202d73e7cb927c369c3358e027225239a4e354967dc",
                "sha256:f11d05402e0ac3a284443d8a432d3dfc76a6bd3f7b5858cddd75617af2d7bd9b",
                "sha256:fa26a8bbb3fe57845acb1329ff700d5c7eaf06414c3e15f4cb8923f3a466ef64",
                "sha256:fb7229fa2a201a0c377ff3283174ec966da8f9fd7ffcc9a92f162d2e7fc9025b",
                "sha256:fdac966699707b5554b815acc272d81e619dd0999f187cd52a61aef075f870ee"
            ],
            "index": "pypi",
            "version": "==1.43.0"
        },
        "idna": {
            "hashes": [
                "sha256:814f528e8dead7d329833b91c5faa87d60bf71824cd12a7530b5526063d02cb4",
                "sha256:90b77e79eaa3eba6de819a0c442c0b4ceefc341a7a2ab77d7562bf49f425c5c2"
            ],
            "markers": "python_version >= '3.5'",
            "version": "==3.4"
        },
        "jmespath": {
            "hashes": [
                "sha256:02e2e4cc71b5bcab88332eebf907519190dd9e6e82107fa7f83b1003a6252980",
                "sha256:90261b206d6defd58fdd5e85f478bf633a2901798906be2ad389150c5c60edbe"
            ],
            "markers": "python_version >= '3.7'",
            "version": "==1.0.1"
        },
        "linode-cli": {
            "hashes": [
                "sha256:42ac2d112c1ab35aa0c5a37fdbe4d782b7100602b1a0410e11732457c9910403"
            ],
            "index": "pypi",
            "version": "==5.17.2"
        },
        "lolcat": {
            "hashes": [
                "sha256:9b2fe5596c446d2fe449c40710c8f99d9866fb7dc5c2762d59dfe7f16f2d936c",
                "sha256:c65c2ed768e0bd0a97a7141865a62db6e8d3cd20742288d087f94c5ac86e8954"
            ],
            "index": "pypi",
            "version": "==1.4"
        },
        "nodeenv": {
            "hashes": [
                "sha256:3ef13ff90291ba2a4a7a4ff9a979b63ffdd00a464dbe04acf0ea6471517a4c2b",
                "sha256:621e6b7076565ddcacd2db0294c0381e01fd28945ab36bcf00f41c5daf63bef7"
            ],
            "index": "pypi",
            "version": "==1.6.0"
        },
        "packaging": {
            "hashes": [
                "sha256:994793af429502c4ea2ebf6bf664629d07c1a9fe974af92966e4b8d2df7edc61",
                "sha256:a392980d2b6cffa644431898be54b0045151319d1e7ec34f0cfed48767dd334f"
            ],
            "markers": "python_version >= '3.7'",
            "version": "==23.1"
        },
        "parver": {
            "hashes": [
                "sha256:c66d3347a4858643875ef959d8ba7a269d5964bfb690b0dd998b8f39da930be2",
                "sha256:d4a3dbb93c53373ee9a0ba055e4858c44169b204b912e49d003ead95db9a9bca"
            ],
            "markers": "python_version >= '3.7'",
            "version": "==0.4"
        },
        "passlib": {
            "hashes": [
                "sha256:aa6bca462b8d8bda89c70b382f0c298a20b5560af6cbfa2dce410c0a2fb669f1",
                "sha256:defd50f72b65c5402ab2c573830a6978e5f202ad0d984793c8dde2c4152ebe04"
            ],
            "index": "pypi",
            "version": "==1.7.4"
        },
        "protobuf": {
            "hashes": [
                "sha256:2036a3a1e7fc27f973fa0a7888dce712393af644f4695385f117886abc792e39",
                "sha256:32e78beda26d7a101fecf15d7a4a792278a0d26a31bc327ff05564a9d68ab8ee",
                "sha256:346990f634272caac1f09efbcfbbacb23098b1f606d172534c6fa2d9758bb436",
                "sha256:3b8905eafe4439076e1f58e9d1fa327025fd2777cf90f14083092ae47f77b0aa",
                "sha256:3ce113b3f3362493bddc9069c2163a38f240a9ed685ff83e7bcb756b05e1deb0",
                "sha256:410bcc0a5b279f634d3e16082ce221dfef7c3392fac723500e2e64d1806dd2be",
                "sha256:5b9cd6097e6acae48a68cb29b56bc79339be84eca65b486910bb1e7a30e2b7c1",
                "sha256:65f0ac96ef67d7dd09b19a46aad81a851b6f85f89725577f16de38f2d68ad477",
                "sha256:91fac0753c3c4951fbb98a93271c43cc7cf3b93cf67747b3e600bb1e5cc14d61",
                "sha256:95789b569418a3e32a53f43d7763be3d490a831e9c08042539462b6d972c2d7e",
                "sha256:ac50be82491369a9ec3710565777e4da87c6d2e20404e0abb1f3a8f10ffd20f0",
                "sha256:decf119d54e820f298ee6d89c72d6b289ea240c32c521f00433f9dc420595f38",
                "sha256:f9510cac91e764e86acd74e2b7f7bc5e6127a7f3fb646d7c8033cfb84fd1176a"
            ],
            "markers": "python_version >= '3.7'",
            "version": "==4.23.1"
        },
        "pulumi": {
            "hashes": [
                "sha256:86acb1e0921619d49123d1a4ce43bfa7dc2dae9723266e21c24a11632f3231d9"
            ],
            "index": "pypi",
            "version": "==3.36.0"
        },
        "pulumi-aws": {
            "hashes": [
                "sha256:e82655bd961447167e1bb2839032e93ba73c37cf2f048ed2447de67dc73e9fd5"
            ],
            "index": "pypi",
            "version": "==5.10.0"
        },
        "pulumi-digitalocean": {
            "hashes": [
                "sha256:ad2f7903de6fded33ef43f35327b331aedac26eaf9c4222c1402b662b9487f8f"
            ],
            "index": "pypi",
            "version": "==4.12.0"
        },
        "pulumi-docker": {
            "hashes": [
                "sha256:0c5edb04448994de6cffb702146085856354efddbe78b0b38fa6a666428f0408"
            ],
            "index": "pypi",
            "version": "==3.1.0"
        },
        "pulumi-eks": {
            "hashes": [
                "sha256:d8f7dafa71eaaab4d8f115691c80fe63df5ac5df07df643c3977f2dc1e9b0cf4"
            ],
            "index": "pypi",
            "version": "==0.41.2"
        },
        "pulumi-kubernetes": {
            "hashes": [
                "sha256:4fe4fcc19be7f3834e06e2baecafaa2bc3fcd7d3af192d7d7d67986c6699096a"
            ],
            "index": "pypi",
            "version": "==3.20.1"
        },
        "pulumi-linode": {
            "hashes": [
                "sha256:460425bba8f2dee89c3c5528dce5dd2a7294fd18eb5e6b4e039194a0904c6208"
            ],
            "index": "pypi",
            "version": "==3.7.1"
        },
        "pyasn1": {
            "hashes": [
                "sha256:87a2121042a1ac9358cabcaf1d07680ff97ee6404333bacca15f76aa8ad01a57",
                "sha256:97b7290ca68e62a832558ec3976f15cbf911bf5d7c7039d8b861c2a0ece69fde"
            ],
            "markers": "python_version >= '2.7' and python_version not in '3.0, 3.1, 3.2, 3.3, 3.4, 3.5'",
            "version": "==0.5.0"
        },
        "pycryptodome": {
            "hashes": [
                "sha256:028dcbf62d128b4335b61c9fbb7dd8c376594db607ef36d5721ee659719935d5",
                "sha256:12ef157eb1e01a157ca43eda275fa68f8db0dd2792bc4fe00479ab8f0e6ae075",
                "sha256:2562de213960693b6d657098505fd4493c45f3429304da67efcbeb61f0edfe89",
                "sha256:27e92c1293afcb8d2639baf7eb43f4baada86e4de0f1fb22312bfc989b95dae2",
                "sha256:36e3242c4792e54ed906c53f5d840712793dc68b726ec6baefd8d978c5282d30",
                "sha256:50a5346af703330944bea503106cd50c9c2212174cfcb9939db4deb5305a8367",
                "sha256:53dedbd2a6a0b02924718b520a723e88bcf22e37076191eb9b91b79934fb2192",
                "sha256:69f05aaa90c99ac2f2af72d8d7f185f729721ad7c4be89e9e3d0ab101b0ee875",
                "sha256:75a3a364fee153e77ed889c957f6f94ec6d234b82e7195b117180dcc9fc16f96",
                "sha256:766a8e9832128c70012e0c2b263049506cbf334fb21ff7224e2704102b6ef59e",
                "sha256:7fb90a5000cc9c9ff34b4d99f7f039e9c3477700e309ff234eafca7b7471afc0",
                "sha256:893f32210de74b9f8ac869ed66c97d04e7d351182d6d39ebd3b36d3db8bda65d",
                "sha256:8b5c28058102e2974b9868d72ae5144128485d466ba8739abd674b77971454cc",
                "sha256:924b6aad5386fb54f2645f22658cb0398b1f25bc1e714a6d1522c75d527deaa5",
                "sha256:9924248d6920b59c260adcae3ee231cd5af404ac706ad30aa4cd87051bf09c50",
                "sha256:9ec761a35dbac4a99dcbc5cd557e6e57432ddf3e17af8c3c86b44af9da0189c0",
                "sha256:a36ab51674b014ba03da7f98b675fcb8eabd709a2d8e18219f784aba2db73b72",
                "sha256:aae395f79fa549fb1f6e3dc85cf277f0351e15a22e6547250056c7f0c990d6a5",
                "sha256:c880a98376939165b7dc504559f60abe234b99e294523a273847f9e7756f4132",
                "sha256:ce7a875694cd6ccd8682017a7c06c6483600f151d8916f2b25cf7a439e600263",
                "sha256:d1b7739b68a032ad14c5e51f7e4e1a5f92f3628bba024a2bda1f30c481fc85d8",
                "sha256:dcd65355acba9a1d0fc9b923875da35ed50506e339b35436277703d7ace3e222",
                "sha256:e04e40a7f8c1669195536a37979dd87da2c32dbdc73d6fe35f0077b0c17c803b",
                "sha256:e0c04c41e9ade19fbc0eff6aacea40b831bfcb2c91c266137bcdfd0d7b2f33ba",
                "sha256:e24d4ec4b029611359566c52f31af45c5aecde7ef90bf8f31620fd44c438efe7",
                "sha256:e64738207a02a83590df35f59d708bf1e7ea0d6adce712a777be2967e5f7043c",
                "sha256:ea56a35fd0d13121417d39a83f291017551fa2c62d6daa6b04af6ece7ed30d84",
                "sha256:f2772af1c3ef8025c85335f8b828d0193fa1e43256621f613280e2c81bfad423",
                "sha256:f403a3e297a59d94121cb3ee4b1cf41f844332940a62d71f9e4a009cc3533493",
                "sha256:f572a3ff7b6029dd9b904d6be4e0ce9e309dcb847b03e3ac8698d9d23bb36525"
            ],
            "index": "pypi",
            "version": "==3.14.1"
        },
        "pyperclip": {
            "hashes": [
                "sha256:105254a8b04934f0bc84e9c24eb360a591aaf6535c9def5f29d92af107a9bf57"
            ],
            "version": "==1.8.2"
        },
        "python-dateutil": {
            "hashes": [
                "sha256:0123cacc1627ae19ddf3c27a5de5bd67ee4586fbdd6440d9748f8abb483d3e86",
                "sha256:961d03dc3453ebbc59dbdea9e4e11c5651520a876d0f4db161e8674aae935da9"
            ],
            "markers": "python_version >= '2.7' and python_version not in '3.0, 3.1, 3.2, 3.3'",
            "version": "==2.8.2"
        },
        "pyyaml": {
            "hashes": [
                "sha256:08682f6b72c722394747bddaf0aa62277e02557c0fd1c42cb853016a38f8dedf",
                "sha256:0f5f5786c0e09baddcd8b4b45f20a7b5d61a7e7e99846e3c799b05c7c53fa696",
                "sha256:129def1b7c1bf22faffd67b8f3724645203b79d8f4cc81f674654d9902cb4393",
                "sha256:294db365efa064d00b8d1ef65d8ea2c3426ac366c0c4368d930bf1c5fb497f77",
                "sha256:3b2b1824fe7112845700f815ff6a489360226a5609b96ec2190a45e62a9fc922",
                "sha256:3bd0e463264cf257d1ffd2e40223b197271046d09dadf73a0fe82b9c1fc385a5",
                "sha256:4465124ef1b18d9ace298060f4eccc64b0850899ac4ac53294547536533800c8",
                "sha256:49d4cdd9065b9b6e206d0595fee27a96b5dd22618e7520c33204a4a3239d5b10",
                "sha256:4e0583d24c881e14342eaf4ec5fbc97f934b999a6828693a99157fde912540cc",
                "sha256:5accb17103e43963b80e6f837831f38d314a0495500067cb25afab2e8d7a4018",
                "sha256:607774cbba28732bfa802b54baa7484215f530991055bb562efbed5b2f20a45e",
                "sha256:6c78645d400265a062508ae399b60b8c167bf003db364ecb26dcab2bda048253",
                "sha256:72a01f726a9c7851ca9bfad6fd09ca4e090a023c00945ea05ba1638c09dc3347",
                "sha256:74c1485f7707cf707a7aef42ef6322b8f97921bd89be2ab6317fd782c2d53183",
                "sha256:895f61ef02e8fed38159bb70f7e100e00f471eae2bc838cd0f4ebb21e28f8541",
                "sha256:8c1be557ee92a20f184922c7b6424e8ab6691788e6d86137c5d93c1a6ec1b8fb",
                "sha256:bb4191dfc9306777bc594117aee052446b3fa88737cd13b7188d0e7aa8162185",
                "sha256:bfb51918d4ff3d77c1c856a9699f8492c612cde32fd3bcd344af9be34999bfdc",
                "sha256:c20cfa2d49991c8b4147af39859b167664f2ad4561704ee74c1de03318e898db",
                "sha256:cb333c16912324fd5f769fff6bc5de372e9e7a202247b48870bc251ed40239aa",
                "sha256:d2d9808ea7b4af864f35ea216be506ecec180628aced0704e34aca0b040ffe46",
                "sha256:d483ad4e639292c90170eb6f7783ad19490e7a8defb3e46f97dfe4bacae89122",
                "sha256:dd5de0646207f053eb0d6c74ae45ba98c3395a571a2891858e87df7c9b9bd51b",
                "sha256:e1d4970ea66be07ae37a3c2e48b5ec63f7ba6804bdddfdbd3cfd954d25a82e63",
                "sha256:e4fac90784481d221a8e4b1162afa7c47ed953be40d31ab4629ae917510051df",
                "sha256:fa5ae20527d8e831e8230cbffd9f8fe952815b2b7dae6ffec25318803a7528fc",
                "sha256:fd7f6999a8070df521b6384004ef42833b9bd62cfee11a09bda1079b4b704247",
                "sha256:fdc842473cd33f45ff6bce46aea678a54e3d21f1b61a7750ce3c498eedfe25d6",
                "sha256:fe69978f3f768926cfa37b867e3843918e012cf83f680806599ddce33c2c68b0"
            ],
            "index": "pypi",
            "version": "==5.4.1"
        },
        "requests": {
            "hashes": [
                "sha256:58cd2187c01e70e6e26505bca751777aa9f2ee0b7f4300988b709f44e013003f",
                "sha256:942c5a758f98d790eaed1a29cb6eefc7ffb0d1cf7af05c3d2791656dbd6ad1e1"
            ],
            "index": "pypi",
            "version": "==2.31.0"
        },
        "rsa": {
            "hashes": [
                "sha256:78f9a9bf4e7be0c5ded4583326e7461e3a3c5aae24073648b4bdfa797d78c9d2",
                "sha256:9d689e6ca1b3038bc82bf8d23e944b6b6037bc02301a574935b2dd946e0353b9"
            ],
            "markers": "python_version >= '3.5' and python_version < '4'",
            "version": "==4.7.2"
        },
        "s3transfer": {
            "hashes": [
                "sha256:3c0da2d074bf35d6870ef157158641178a4204a6e689e82546083e31e0311346",
                "sha256:640bb492711f4c0c0905e1f62b6aaeb771881935ad27884852411f8e9cacbca9"
            ],
            "markers": "python_version >= '3.7'",
            "version": "==0.6.1"
        },
        "semver": {
            "hashes": [
                "sha256:ced8b23dceb22134307c1b8abfa523da14198793d9787ac838e70e29e77458d4",
                "sha256:fa0fe2722ee1c3f57eac478820c3a5ae2f624af8264cbdf9000c980ff7f75e3f"
            ],
            "markers": "python_version >= '2.7' and python_version not in '3.0, 3.1, 3.2, 3.3'",
            "version": "==2.13.0"
        },
        "setuptools": {
            "hashes": [
                "sha256:5df61bf30bb10c6f756eb19e7c9f3b473051f48db77fddbe06ff2ca307df9a6f",
                "sha256:62642358adc77ffa87233bc4d2354c4b2682d214048f500964dbe760ccedf102"
            ],
            "markers": "python_version >= '3.7'",
            "version": "==67.8.0"
        },
        "setuptools-git-versioning": {
            "hashes": [
                "sha256:3cee8ff9e73d2092f9e281a324a0a62c21e0cc66c233597c3d679f0b9cab0e40",
                "sha256:66acb4f5896956e5d2aec2250b1e41342a0bf3228e577d54171d9a06d5f8637b"
            ],
            "index": "pypi",
            "version": "==1.9.2"
        },
        "six": {
            "hashes": [
                "sha256:1e61c37477a1626458e36f7b1d82aa5c9b094fa4802892072e49de9c60c4c926",
                "sha256:8abb2f1d86890a2dfb989f9a77cfcfd3e47c2a354b01111771326f8aa26e0254"
            ],
            "markers": "python_version >= '2.7' and python_version not in '3.0, 3.1, 3.2, 3.3'",
            "version": "==1.16.0"
        },
        "terminaltables": {
            "hashes": [
                "sha256:ba6eca5cb5ba02bba4c9f4f985af80c54ec3dccf94cfcd190154386255e47543",
                "sha256:e4fdc4179c9e4aab5f674d80f09d76fa436b96fdc698a8505e0a36bf0804a874"
            ],
            "markers": "python_version >= '2.6'",
            "version": "==3.1.10"
        },
        "toml": {
            "hashes": [
                "sha256:806143ae5bfb6a3c6e736a764057db0e6a0e05e338b5630894a5f779cabb4f9b",
                "sha256:b3bda1d108d5dd99f4a20d24d9c348e91c4db7ab1b749200bded2f839ccbe68f"
            ],
            "markers": "python_version >= '2.6' and python_version not in '3.0, 3.1, 3.2, 3.3'",
            "version": "==0.10.2"
        },
        "typing-extensions": {
            "hashes": [
                "sha256:6ad00b63f849b7dcc313b70b6b304ed67b2b2963b3098a33efe18056b1a9a223",
                "sha256:ff6b238610c747e44c268aa4bb23c8c735d665a63726df3f9431ce707f2aa768"
            ],
            "markers": "python_version < '3.10'",
            "version": "==4.6.0"
        },
        "urllib3": {
            "hashes": [
                "sha256:8a388717b9476f934a21484e8c8e61875ab60644d29b9b39e11e4b9dc1c6b305",
                "sha256:aa751d169e23c7479ce47a0cb0da579e3ede798f994f5816a74e4f4500dcea42"
            ],
            "markers": "python_version >= '2.7' and python_version not in '3.0, 3.1, 3.2, 3.3, 3.4, 3.5'",
            "version": "==1.26.15"
        },
        "yamlreader": {
            "hashes": [
                "sha256:765688036d57104ac26e4500ab088d42f4f2d06687ce3daa26543d7ae38c2470"
            ],
            "index": "pypi",
            "version": "==3.0.4"
        }
    },
    "develop": {
        "nodeenv": {
            "hashes": [
                "sha256:3ef13ff90291ba2a4a7a4ff9a979b63ffdd00a464dbe04acf0ea6471517a4c2b",
                "sha256:621e6b7076565ddcacd2db0294c0381e01fd28945ab36bcf00f41c5daf63bef7"
            ],
            "index": "pypi",
            "version": "==1.6.0"
        },
        "wheel": {
            "hashes": [
                "sha256:4bdcd7d840138086126cd09254dc6195fb4fc6f01c050a1d7236f2630db1d22a",
                "sha256:e9a504e793efbca1b8e0e9cb979a249cf4a0a7b5b8c9e8b65a5e39d49529c1c4"
            ],
            "index": "pypi",
            "version": "==0.37.1"
        }
    }
}
